<?xml version="1.0" encoding="utf-8"?>
<Project ToolsVersion="4.0" xmlns="http://schemas.microsoft.com/developer/msbuild/2003">
  <ItemGroup>
    <ClCompile Include="tpl\tinyxml2\tinyxml2.cpp">
      <Filter>tpl</Filter>
    </ClCompile>
    <ClCompile Include="src\tests\test_parameter_list.cpp">
      <Filter>src\test</Filter>
    </ClCompile>
    <ClCompile Include="src\tests\test_string_functions.cpp">
      <Filter>src\test</Filter>
    </ClCompile>
    <ClCompile Include="src\tests\test_utility.cpp">
      <Filter>src\test</Filter>
    </ClCompile>
    <ClCompile Include="src\tests\testing.cpp">
      <Filter>src\test</Filter>
    </ClCompile>
    <ClCompile Include="src\utility\parameter_list.cpp">
      <Filter>src\utility</Filter>
    </ClCompile>
    <ClCompile Include="src\utility\string_functions.cpp">
      <Filter>src\utility</Filter>
    </ClCompile>
    <ClCompile Include="src\l2a_error\l2a_error.cpp">
      <Filter>src\l2a_error</Filter>
    </ClCompile>
    <ClCompile Include="src\l2a_plugin.cpp">
      <Filter>src</Filter>
    </ClCompile>
    <ClCompile Include="src\l2a_suites.cpp">
      <Filter>src</Filter>
    </ClCompile>
    <ClCompile Include="src\utility\file_system.cpp">
      <Filter>src\utility</Filter>
    </ClCompile>
    <ClCompile Include="src\tests\test_file_system.cpp">
      <Filter>src\test</Filter>
    </ClCompile>
    <ClCompile Include="src\l2a_latex\l2a_latex.cpp">
      <Filter>src\l2a_latex</Filter>
    </ClCompile>
    <ClCompile Include="src\l2a_global\l2a_global.cpp">
      <Filter>src\l2a_global</Filter>
    </ClCompile>
    <ClCompile Include="src\l2a_item\l2a_item.cpp">
      <Filter>src\l2a_item</Filter>
    </ClCompile>
    <ClCompile Include="src\l2a_property\l2a_property.cpp">
      <Filter>src\l2a_property</Filter>
    </ClCompile>
    <ClCompile Include="src\l2a_forms\l2a_forms.cpp">
      <Filter>src\l2a_forms</Filter>
    </ClCompile>
    <ClCompile Include="src\l2a_ai_functions\l2a_ai_functions.cpp">
      <Filter>src\l2a_ai_functions</Filter>
    </ClCompile>
    <ClCompile Include="src\l2a_annotator\l2a_annotator.cpp">
      <Filter>src\l2a_annotator</Filter>
    </ClCompile>
    <ClCompile Include="src\tests\test_framework.cpp">
      <Filter>src\test</Filter>
    </ClCompile>
    <ClCompile Include="..\..\common\source\Suites.cpp">
      <Filter>sdk</Filter>
    </ClCompile>
    <ClCompile Include="..\..\common\source\SDKAboutPluginsHelper.cpp">
      <Filter>sdk</Filter>
    </ClCompile>
    <ClCompile Include="..\..\common\source\Plugin.cpp">
      <Filter>sdk</Filter>
    </ClCompile>
    <ClCompile Include="..\..\common\source\Main.cpp">
      <Filter>sdk</Filter>
    </ClCompile>
    <ClCompile Include="..\..\common\source\IllustratorSDK.cpp">
      <Filter>sdk</Filter>
    </ClCompile>
    <ClCompile Include="..\..\..\illustratorapi\illustrator\IAIUnicodeString.cpp">
      <Filter>sdk</Filter>
    </ClCompile>
    <ClCompile Include="..\..\..\illustratorapi\illustrator\IAIStringFormatUtils.cpp">
      <Filter>sdk</Filter>
    </ClCompile>
    <ClCompile Include="..\..\..\illustratorapi\illustrator\IAIFilePath.cpp">
      <Filter>sdk</Filter>
    </ClCompile>
    <ClCompile Include="..\..\common\source\AppContext.cpp">
      <Filter>sdk</Filter>
    </ClCompile>
    <ClCompile Include="src\utility\math.cpp">
      <Filter>src\utility</Filter>
    </ClCompile>
    <ClCompile Include="tpl\StackWalker\Main\StackWalker\StackWalker.cpp">
      <Filter>tpl</Filter>
    </ClCompile>
    <ClCompile Include="src\tests\test_forms.cpp">
      <Filter>src\test</Filter>
    </ClCompile>
    <ClCompile Include="..\..\..\illustratorapi\illustrator\IAIArtboards.cpp">
      <Filter>sdk</Filter>
    </ClCompile>
  </ItemGroup>
  <ItemGroup>
    <ClInclude Include="tpl\tinyxml2\tinyxml2.h">
      <Filter>tpl</Filter>
    </ClInclude>
    <ClInclude Include="src\tests\test_parameter_list.h">
      <Filter>src\test</Filter>
    </ClInclude>
    <ClInclude Include="src\tests\test_string_functions.h">
      <Filter>src\test</Filter>
    </ClInclude>
    <ClInclude Include="src\tests\test_utlity.h">
      <Filter>src\test</Filter>
    </ClInclude>
    <ClInclude Include="src\tests\testing.h">
      <Filter>src\test</Filter>
    </ClInclude>
    <ClInclude Include="src\utility\parameter_list.h">
      <Filter>src\utility</Filter>
    </ClInclude>
    <ClInclude Include="src\utility\string_functions.h">
      <Filter>src\utility</Filter>
    </ClInclude>
    <ClInclude Include="src\l2a_error\l2a_error.h">
      <Filter>src\l2a_error</Filter>
    </ClInclude>
    <ClInclude Include="src\l2a_plugin.h">
      <Filter>src</Filter>
    </ClInclude>
    <ClInclude Include="src\l2a_suites.h">
      <Filter>src</Filter>
    </ClInclude>
    <ClInclude Include="src\utility\file_system.h">
      <Filter>src\utility</Filter>
    </ClInclude>
    <ClInclude Include="src\tests\test_file_system.h">
      <Filter>src\test</Filter>
    </ClInclude>
    <ClInclude Include="src\l2a_latex\l2a_latex.h">
      <Filter>src\l2a_latex</Filter>
    </ClInclude>
    <ClInclude Include="src\l2a_constants.h">
      <Filter>src</Filter>
    </ClInclude>
    <ClInclude Include="src\l2a_global\l2a_global.h">
      <Filter>src\l2a_global</Filter>
    </ClInclude>
    <ClInclude Include="src\l2a_item\l2a_item.h">
      <Filter>src\l2a_item</Filter>
    </ClInclude>
    <ClInclude Include="src\l2a_property\l2a_property.h">
      <Filter>src\l2a_property</Filter>
    </ClInclude>
    <ClInclude Include="src\l2a_forms\l2a_forms.h">
      <Filter>src\l2a_forms</Filter>
    </ClInclude>
    <ClInclude Include="src\l2a_ai_functions\l2a_ai_functions.h">
      <Filter>src\l2a_ai_functions</Filter>
    </ClInclude>
    <ClInclude Include="src\l2a_names.h">
      <Filter>src</Filter>
    </ClInclude>
    <ClInclude Include="src\l2a_annotator\l2a_annotator.h">
      <Filter>src\l2a_annotator</Filter>
    </ClInclude>
    <ClInclude Include="src\tests\test_framework.h">
      <Filter>src\test</Filter>
    </ClInclude>
    <ClInclude Include="src\utility\math.h">
      <Filter>src\utility</Filter>
    </ClInclude>
    <ClInclude Include="src\utility\utils.h">
      <Filter>src\utility</Filter>
    </ClInclude>
    <ClInclude Include="tpl\StackWalker\Main\StackWalker\StackWalker.h">
      <Filter>tpl</Filter>
    </ClInclude>
    <ClInclude Include="src\tests\test_forms.h">
      <Filter>src\test</Filter>
    </ClInclude>
  </ItemGroup>
  <ItemGroup>
    <Filter Include="sdk">
      <UniqueIdentifier>{78d001d9-21ca-47c1-ac63-c6fd0e57c95b}</UniqueIdentifier>
    </Filter>
    <Filter Include="src">
      <UniqueIdentifier>{3a0fd8ac-d085-4b65-a326-0309e8c14b25}</UniqueIdentifier>
    </Filter>
    <Filter Include="src\test">
      <UniqueIdentifier>{fc5f9b63-3b3c-4088-8c3e-599a8a72340f}</UniqueIdentifier>
    </Filter>
    <Filter Include="resources">
      <UniqueIdentifier>{e7dd128d-f086-4d2a-b68f-83e6326551bc}</UniqueIdentifier>
    </Filter>
    <Filter Include="tpl">
      <UniqueIdentifier>{dece3105-7a03-461a-97af-4bb028e4aff0}</UniqueIdentifier>
    </Filter>
    <Filter Include="src\utility">
      <UniqueIdentifier>{0437dc2a-a212-4e76-b737-3e58de8227fe}</UniqueIdentifier>
    </Filter>
    <Filter Include="src\l2a_error">
      <UniqueIdentifier>{7fe235bc-4426-4beb-9f9f-da59b720f950}</UniqueIdentifier>
    </Filter>
    <Filter Include="src\l2a_latex">
      <UniqueIdentifier>{32e5432b-a76c-43b5-857b-e1622e22994a}</UniqueIdentifier>
    </Filter>
    <Filter Include="src\l2a_global">
      <UniqueIdentifier>{b8ef79b9-8c52-4f4d-81b6-11c3499f3606}</UniqueIdentifier>
    </Filter>
    <Filter Include="src\l2a_item">
      <UniqueIdentifier>{f93ad9de-1390-4394-9076-a0119969dfab}</UniqueIdentifier>
    </Filter>
    <Filter Include="src\l2a_property">
      <UniqueIdentifier>{1faa291f-d18d-409b-8907-875eac49f833}</UniqueIdentifier>
    </Filter>
    <Filter Include="src\l2a_forms">
      <UniqueIdentifier>{8c4f5e6a-b731-4d7e-b8ba-e33eddc73fbc}</UniqueIdentifier>
    </Filter>
    <Filter Include="src\l2a_ai_functions">
      <UniqueIdentifier>{2c286bc7-8104-41a5-ad3b-854b1c839020}</UniqueIdentifier>
    </Filter>
    <Filter Include="src\l2a_annotator">
      <UniqueIdentifier>{938abb0f-1c33-42fb-ac3e-25ea5c6bce54}</UniqueIdentifier>
    </Filter>
  </ItemGroup>
  <ItemGroup>
    <ResourceCompile Include="resources\l2a.rc">
      <Filter>resources</Filter>
    </ResourceCompile>
  </ItemGroup>
</Project>